// !$*UTF8*$!
{
	archiveVersion = 1;
	classes = {
	};
	objectVersion = 56;
	objects = {

/* Begin PBXBuildFile section */
		346E640C28861C6900EE51F9 /* CoffeeAppApp.swift in Sources */ = {isa = PBXBuildFile; fileRef = 346E640B28861C6900EE51F9 /* CoffeeAppApp.swift */; };
		346E640E28861C6900EE51F9 /* ContentView.swift in Sources */ = {isa = PBXBuildFile; fileRef = 346E640D28861C6900EE51F9 /* ContentView.swift */; };
		346E641028861C6B00EE51F9 /* Assets.xcassets in Resources */ = {isa = PBXBuildFile; fileRef = 346E640F28861C6B00EE51F9 /* Assets.xcassets */; };
		346E641328861C6B00EE51F9 /* Preview Assets.xcassets in Resources */ = {isa = PBXBuildFile; fileRef = 346E641228861C6B00EE51F9 /* Preview Assets.xcassets */; };
		346E641C28861D5900EE51F9 /* Webservice.swift in Sources */ = {isa = PBXBuildFile; fileRef = 346E641B28861D5900EE51F9 /* Webservice.swift */; };
		346E641E28861D6900EE51F9 /* CoffeeOrder.swift in Sources */ = {isa = PBXBuildFile; fileRef = 346E641D28861D6900EE51F9 /* CoffeeOrder.swift */; };
		346E64212886266000EE51F9 /* AddCoffeeOrderView.swift in Sources */ = {isa = PBXBuildFile; fileRef = 346E64202886266000EE51F9 /* AddCoffeeOrderView.swift */; };
		346E6423288630E400EE51F9 /* SavedOrderResponse.swift in Sources */ = {isa = PBXBuildFile; fileRef = 346E6422288630E400EE51F9 /* SavedOrderResponse.swift */; };
/* End PBXBuildFile section */

/* Begin PBXFileReference section */
		346E640828861C6900EE51F9 /* CoffeeApp.app */ = {isa = PBXFileReference; explicitFileType = wrapper.application; includeInIndex = 0; path = CoffeeApp.app; sourceTree = BUILT_PRODUCTS_DIR; };
		346E640B28861C6900EE51F9 /* CoffeeAppApp.swift */ = {isa = PBXFileReference; lastKnownFileType = sourcecode.swift; path = CoffeeAppApp.swift; sourceTree = "<group>"; };
		346E640D28861C6900EE51F9 /* ContentView.swift */ = {isa = PBXFileReference; lastKnownFileType = sourcecode.swift; path = ContentView.swift; sourceTree = "<group>"; };
		346E640F28861C6B00EE51F9 /* Assets.xcassets */ = {isa = PBXFileReference; lastKnownFileType = folder.assetcatalog; path = Assets.xcassets; sourceTree = "<group>"; };
		346E641228861C6B00EE51F9 /* Preview Assets.xcassets */ = {isa = PBXFileReference; lastKnownFileType = folder.assetcatalog; path = "Preview Assets.xcassets"; sourceTree = "<group>"; };
		346E641B28861D5900EE51F9 /* Webservice.swift */ = {isa = PBXFileReference; lastKnownFileType = sourcecode.swift; path = Webservice.swift; sourceTree = "<group>"; };
		346E641D28861D6900EE51F9 /* CoffeeOrder.swift */ = {isa = PBXFileReference; lastKnownFileType = sourcecode.swift; path = CoffeeOrder.swift; sourceTree = "<group>"; };
		346E64202886266000EE51F9 /* AddCoffeeOrderView.swift */ = {isa = PBXFileReference; lastKnownFileType = sourcecode.swift; path = AddCoffeeOrderView.swift; sourceTree = "<group>"; };
		346E6422288630E400EE51F9 /* SavedOrderResponse.swift */ = {isa = PBXFileReference; lastKnownFileType = sourcecode.swift; path = SavedOrderResponse.swift; sourceTree = "<group>"; };
/* End PBXFileReference section */

/* Begin PBXFrameworksBuildPhase section */
		346E640528861C6900EE51F9 /* Frameworks */ = {
			isa = PBXFrameworksBuildPhase;
			buildActionMask = 2147483647;
			files = (
			);
			runOnlyForDeploymentPostprocessing = 0;
		};
/* End PBXFrameworksBuildPhase section */

/* Begin PBXGroup section */
		346E63FF28861C6900EE51F9 = {
			isa = PBXGroup;
			children = (
				346E640A28861C6900EE51F9 /* CoffeeApp */,
				346E640928861C6900EE51F9 /* Products */,
			);
			sourceTree = "<group>";
		};
		346E640928861C6900EE51F9 /* Products */ = {
			isa = PBXGroup;
			children = (
				346E640828861C6900EE51F9 /* CoffeeApp.app */,
			);
			name = Products;
			sourceTree = "<group>";
		};
		346E640A28861C6900EE51F9 /* CoffeeApp */ = {
			isa = PBXGroup;
			children = (
				346E641F2886265100EE51F9 /* Views */,
				346E641A28861C8400EE51F9 /* Models */,
				346E641928861C7900EE51F9 /* Services */,
				346E640B28861C6900EE51F9 /* CoffeeAppApp.swift */,
				346E640F28861C6B00EE51F9 /* Assets.xcassets */,
				346E641128861C6B00EE51F9 /* Preview Content */,
			);
			path = CoffeeApp;
			sourceTree = "<group>";
		};
		346E641128861C6B00EE51F9 /* Preview Content */ = {
			isa = PBXGroup;
			children = (
				346E641228861C6B00EE51F9 /* Preview Assets.xcassets */,
			);
			path = "Preview Content";
			sourceTree = "<group>";
		};
		346E641928861C7900EE51F9 /* Services */ = {
			isa = PBXGroup;
			children = (
				346E641B28861D5900EE51F9 /* Webservice.swift */,
			);
			path = Services;
			sourceTree = "<group>";
		};
		346E641A28861C8400EE51F9 /* Models */ = {
			isa = PBXGroup;
			children = (
				346E641D28861D6900EE51F9 /* CoffeeOrder.swift */,
				346E6422288630E400EE51F9 /* SavedOrderResponse.swift */,
			);
			path = Models;
			sourceTree = "<group>";
		};
		346E641F2886265100EE51F9 /* Views */ = {
			isa = PBXGroup;
			children = (
				346E640D28861C6900EE51F9 /* ContentView.swift */,
				346E64202886266000EE51F9 /* AddCoffeeOrderView.swift */,
			);
			path = Views;
			sourceTree = "<group>";
		};
/* End PBXGroup section */

/* Begin PBXNativeTarget section */
		346E640728861C6900EE51F9 /* CoffeeApp */ = {
			isa = PBXNativeTarget;
			buildConfigurationList = 346E641628861C6B00EE51F9 /* Build configuration list for PBXNativeTarget "CoffeeApp" */;
			buildPhases = (
				346E640428861C6900EE51F9 /* Sources */,
				346E640528861C6900EE51F9 /* Frameworks */,
				346E640628861C6900EE51F9 /* Resources */,
			);
			buildRules = (
			);
			dependencies = (
			);
			name = CoffeeApp;
			productName = CoffeeApp;
			productReference = 346E640828861C6900EE51F9 /* CoffeeApp.app */;
			productType = "com.apple.product-type.application";
		};
/* End PBXNativeTarget section */

/* Begin PBXProject section */
		346E640028861C6900EE51F9 /* Project object */ = {
			isa = PBXProject;
			attributes = {
				BuildIndependentTargetsInParallel = 1;
				LastSwiftUpdateCheck = 1400;
				LastUpgradeCheck = 1400;
				TargetAttributes = {
					346E640728861C6900EE51F9 = {
						CreatedOnToolsVersion = 14.0;
					};
				};
			};
			buildConfigurationList = 346E640328861C6900EE51F9 /* Build configuration list for PBXProject "CoffeeApp" */;
			compatibilityVersion = "Xcode 14.0";
			developmentRegion = en;
			hasScannedForEncodings = 0;
			knownRegions = (
				en,
				Base,
			);
			mainGroup = 346E63FF28861C6900EE51F9;
			productRefGroup = 346E640928861C6900EE51F9 /* Products */;
			projectDirPath = "";
			projectRoot = "";
			targets = (
				346E640728861C6900EE51F9 /* CoffeeApp */,
			);
		};
/* End PBXProject section */

/* Begin PBXResourcesBuildPhase section */
		346E640628861C6900EE51F9 /* Resources */ = {
			isa = PBXResourcesBuildPhase;
			buildActionMask = 2147483647;
			files = (
				346E641328861C6B00EE51F9 /* Preview Assets.xcassets in Resources */,
				346E641028861C6B00EE51F9 /* Assets.xcassets in Resources */,
			);
			runOnlyForDeploymentPostprocessing = 0;
		};
/* End PBXResourcesBuildPhase section */

/* Begin PBXSourcesBuildPhase section */
		346E640428861C6900EE51F9 /* Sources */ = {
			isa = PBXSourcesBuildPhase;
			buildActionMask = 2147483647;
			files = (
				346E640E28861C6900EE51F9 /* ContentView.swift in Sources */,
				346E6423288630E400EE51F9 /* SavedOrderResponse.swift in Sources */,
				346E640C28861C6900EE51F9 /* CoffeeAppApp.swift in Sources */,
				346E641C28861D5900EE51F9 /* Webservice.swift in Sources */,
				346E641E28861D6900EE51F9 /* CoffeeOrder.swift in Sources */,
				346E64212886266000EE51F9 /* AddCoffeeOrderView.swift in Sources */,
			);
			runOnlyForDeploymentPostprocessing = 0;
		};
/* End PBXSourcesBuildPhase section */

/* Begin XCBuildConfiguration section */
		346E641428861C6B00EE51F9 /* Debug */ = {
			isa = XCBuildConfiguration;
			buildSettings = {
				ALWAYS_SEARCH_USER_PATHS = NO;
				CLANG_ANALYZER_NONNULL = YES;
				CLANG_ANALYZER_NUMBER_OBJECT_CONVERSION = YES_AGGRESSIVE;
				CLANG_CXX_LANGUAGE_STANDARD = "gnu++17";
				CLANG_ENABLE_MODULES = YES;
				CLANG_ENABLE_OBJC_ARC = YES;
				CLANG_ENABLE_OBJC_WEAK = YES;
				CLANG_WARN_BLOCK_CAPTURE_AUTORELEASING = YES;
				CLANG_WARN_BOOL_CONVERSION = YES;
				CLANG_WARN_COMMA = YES;
				CLANG_WARN_CONSTANT_CONVERSION = YES;
				CLANG_WARN_DEPRECATED_OBJC_IMPLEMENTATIONS = YES;
				CLANG_WARN_DIRECT_OBJC_ISA_USAGE = YES_ERROR;
				CLANG_WARN_DOCUMENTATION_COMMENTS = YES;
				CLANG_WARN_EMPTY_BODY = YES;
				CLANG_WARN_ENUM_CONVERSION = YES;
				CLANG_WARN_INFINITE_RECURSION = YES;
				CLANG_WARN_INT_CONVERSION = YES;
				CLANG_WARN_NON_LITERAL_NULL_CONVERSION = YES;
				CLANG_WARN_OBJC_IMPLICIT_RETAIN_SELF = YES;
				CLANG_WARN_OBJC_LITERAL_CONVERSION = YES;
				CLANG_WARN_OBJC_ROOT_CLASS = YES_ERROR;
				CLANG_WARN_QUOTED_INCLUDE_IN_FRAMEWORK_HEADER = YES;
				CLANG_WARN_RANGE_LOOP_ANALYSIS = YES;
				CLANG_WARN_STRICT_PROTOTYPES = YES;
				CLANG_WARN_SUSPICIOUS_MOVE = YES;
				CLANG_WARN_UNGUARDED_AVAILABILITY = YES_AGGRESSIVE;
				CLANG_WARN_UNREACHABLE_CODE = YES;
				CLANG_WARN__DUPLICATE_METHOD_MATCH = YES;
				COPY_PHASE_STRIP = NO;
				DEBUG_INFORMATION_FORMAT = dwarf;
				ENABLE_STRICT_OBJC_MSGSEND = YES;
				ENABLE_TESTABILITY = YES;
				GCC_C_LANGUAGE_STANDARD = gnu11;
				GCC_DYNAMIC_NO_PIC = NO;
				GCC_NO_COMMON_BLOCKS = YES;
				GCC_OPTIMIZATION_LEVEL = 0;
				GCC_PREPROCESSOR_DEFINITIONS = (
					"DEBUG=1",
					"$(inherited)",
				);
				GCC_WARN_64_TO_32_BIT_CONVERSION = YES;
				GCC_WARN_ABOUT_RETURN_TYPE = YES_ERROR;
				GCC_WARN_UNDECLARED_SELECTOR = YES;
				GCC_WARN_UNINITIALIZED_AUTOS = YES_AGGRESSIVE;
				GCC_WARN_UNUSED_FUNCTION = YES;
				GCC_WARN_UNUSED_VARIABLE = YES;
				IPHONEOS_DEPLOYMENT_TARGET = 16.0;
				MTL_ENABLE_DEBUG_INFO = INCLUDE_SOURCE;
				MTL_FAST_MATH = YES;
				ONLY_ACTIVE_ARCH = YES;
				SDKROOT = iphoneos;
				SWIFT_ACTIVE_COMPILATION_CONDITIONS = DEBUG;
				SWIFT_OPTIMIZATION_LEVEL = "-Onone";
			};
			name = Debug;
		};
		346E641528861C6B00EE51F9 /* Release */ = {
			isa = XCBuildConfiguration;
			buildSettings = {
				ALWAYS_SEARCH_USER_PATHS = NO;
				CLANG_ANALYZER_NONNULL = YES;
				CLANG_ANALYZER_NUMBER_OBJECT_CONVERSION = YES_AGGRESSIVE;
				CLANG_CXX_LANGUAGE_STANDARD = "gnu++17";
				CLANG_ENABLE_MODULES = YES;
				CLANG_ENABLE_OBJC_ARC = YES;
				CLANG_ENABLE_OBJC_WEAK = YES;
				CLANG_WARN_BLOCK_CAPTURE_AUTORELEASING = YES;
				CLANG_WARN_BOOL_CONVERSION = YES;
				CLANG_WARN_COMMA = YES;
				CLANG_WARN_CONSTANT_CONVERSION = YES;
				CLANG_WARN_DEPRECATED_OBJC_IMPLEMENTATIONS = YES;
				CLANG_WARN_DIRECT_OBJC_ISA_USAGE = YES_ERROR;
				CLANG_WARN_DOCUMENTATION_COMMENTS = YES;
				CLANG_WARN_EMPTY_BODY = YES;
				CLANG_WARN_ENUM_CONVERSION = YES;
				CLANG_WARN_INFINITE_RECURSION = YES;
				CLANG_WARN_INT_CONVERSION = YES;
				CLANG_WARN_NON_LITERAL_NULL_CONVERSION = YES;
				CLANG_WARN_OBJC_IMPLICIT_RETAIN_SELF = YES;
				CLANG_WARN_OBJC_LITERAL_CONVERSION = YES;
				CLANG_WARN_OBJC_ROOT_CLASS = YES_ERROR;
				CLANG_WARN_QUOTED_INCLUDE_IN_FRAMEWORK_HEADER = YES;
				CLANG_WARN_RANGE_LOOP_ANALYSIS = YES;
				CLANG_WARN_STRICT_PROTOTYPES = YES;
				CLANG_WARN_SUSPICIOUS_MOVE = YES;
				CLANG_WARN_UNGUARDED_AVAILABILITY = YES_AGGRESSIVE;
				CLANG_WARN_UNREACHABLE_CODE = YES;
				CLANG_WARN__DUPLICATE_METHOD_MATCH = YES;
				COPY_PHASE_STRIP = NO;
				DEBUG_INFORMATION_FORMAT = "dwarf-with-dsym";
				ENABLE_NS_ASSERTIONS = NO;
				ENABLE_STRICT_OBJC_MSGSEND = YES;
				GCC_C_LANGUAGE_STANDARD = gnu11;
				GCC_NO_COMMON_BLOCKS = YES;
				GCC_WARN_64_TO_32_BIT_CONVERSION = YES;
				GCC_WARN_ABOUT_RETURN_TYPE = YES_ERROR;
				GCC_WARN_UNDECLARED_SELECTOR = YES;
				GCC_WARN_UNINITIALIZED_AUTOS = YES_AGGRESSIVE;
				GCC_WARN_UNUSED_FUNCTION = YES;
				GCC_WARN_UNUSED_VARIABLE = YES;
				IPHONEOS_DEPLOYMENT_TARGET = 16.0;
				MTL_ENABLE_DEBUG_INFO = NO;
				MTL_FAST_MATH = YES;
				SDKROOT = iphoneos;
				SWIFT_COMPILATION_MODE = wholemodule;
				SWIFT_OPTIMIZATION_LEVEL = "-O";
				VALIDATE_PRODUCT = YES;
			};
			name = Release;
		};
		346E641728861C6B00EE51F9 /* Debug */ = {
			isa = XCBuildConfiguration;
			buildSettings = {
				ASSETCATALOG_COMPILER_APPICON_NAME = AppIcon;
				ASSETCATALOG_COMPILER_GLOBAL_ACCENT_COLOR_NAME = AccentColor;
				CODE_SIGN_STYLE = Automatic;
				CURRENT_PROJECT_VERSION = 1;
				DEVELOPMENT_ASSET_PATHS = "\"CoffeeApp/Preview Content\"";
				DEVELOPMENT_TEAM = B2Q8EGNCQA;
				ENABLE_PREVIEWS = YES;
				GENERATE_INFOPLIST_FILE = YES;
				INFOPLIST_KEY_UIApplicationSceneManifest_Generation = YES;
				INFOPLIST_KEY_UIApplicationSupportsIndirectInputEvents = YES;
				INFOPLIST_KEY_UILaunchScreen_Generation = YES;
				INFOPLIST_KEY_UISupportedInterfaceOrientations_iPad = "UIInterfaceOrientationPortrait UIInterfaceOrientationPortraitUpsideDown UIInterfaceOrientationLandscapeLeft UIInterfaceOrientationLandscapeRight";
				INFOPLIST_KEY_UISupportedInterfaceOrientations_iPhone = "UIInterfaceOrientationPortrait UIInterfaceOrientationLandscapeLeft UIInterfaceOrientationLandscapeRight";
				LD_RUNPATH_SEARCH_PATHS = (
					"$(inherited)",
					"@executable_path/Frameworks",
				);
				MARKETING_VERSION = 1.0;
				PRODUCT_BUNDLE_IDENTIFIER = com.azamsharp.CoffeeApp;
				PRODUCT_NAME = "$(TARGET_NAME)";
				SWIFT_EMIT_LOC_STRINGS = YES;
				SWIFT_VERSION = 5.0;
				TARGETED_DEVICE_FAMILY = "1,2";
			};
			name = Debug;
		};
		346E641828861C6B00EE51F9 /* Release */ = {
			isa = XCBuildConfiguration;
			buildSettings = {
				ASSETCATALOG_COMPILER_APPICON_NAME = AppIcon;
				ASSETCATALOG_COMPILER_GLOBAL_ACCENT_COLOR_NAME = AccentColor;
				CODE_SIGN_STYLE = Automatic;
				CURRENT_PROJECT_VERSION = 1;
				DEVELOPMENT_ASSET_PATHS = "\"CoffeeApp/Preview Content\"";
				DEVELOPMENT_TEAM = B2Q8EGNCQA;
				ENABLE_PREVIEWS = YES;
				GENERATE_INFOPLIST_FILE = YES;
				INFOPLIST_KEY_UIApplicationSceneManifest_Generation = YES;
				INFOPLIST_KEY_UIApplicationSupportsIndirectInputEvents = YES;
				INFOPLIST_KEY_UILaunchScreen_Generation = YES;
				INFOPLIST_KEY_UISupportedInterfaceOrientations_iPad = "UIInterfaceOrientationPortrait UIInterfaceOrientationPortraitUpsideDown UIInterfaceOrientationLandscapeLeft UIInterfaceOrientationLandscapeRight";
				INFOPLIST_KEY_UISupportedInterfaceOrientations_iPhone = "UIInterfaceOrientationPortrait UIInterfaceOrientationLandscapeLeft UIInterfaceOrientationLandscapeRight";
				LD_RUNPATH_SEARCH_PATHS = (
					"$(inherited)",
					"@executable_path/Frameworks",
				);
				MARKETING_VERSION = 1.0;
				PRODUCT_BUNDLE_IDENTIFIER = com.azamsharp.CoffeeApp;
				PRODUCT_NAME = "$(TARGET_NAME)";
				SWIFT_EMIT_LOC_STRINGS = YES;
				SWIFT_VERSION = 5.0;
				TARGETED_DEVICE_FAMILY = "1,2";
			};
			name = Release;
		};
/* End XCBuildConfiguration section */

/* Begin XCConfigurationList section */
		346E640328861C6900EE51F9 /* Build configuration list for PBXProject "CoffeeApp" */ = {
			isa = XCConfigurationList;
			buildConfigurations = (
				346E641428861C6B00EE51F9 /* Debug */,
				346E641528861C6B00EE51F9 /* Release */,
			);
			defaultConfigurationIsVisible = 0;
			defaultConfigurationName = Release;
		};
		346E641628861C6B00EE51F9 /* Build configuration list for PBXNativeTarget "CoffeeApp" */ = {
			isa = XCConfigurationList;
			buildConfigurations = (
				346E641728861C6B00EE51F9 /* Debug */,
				346E641828861C6B00EE51F9 /* Release */,
			);
			defaultConfigurationIsVisible = 0;
			defaultConfigurationName = Release;
		};
/* End XCConfigurationList section */
	};
	rootObject = 346E640028861C6900EE51F9 /* Project object */;
}
